# THIS IS AN AUTOGENERATED FILE. DO NOT EDIT THIS FILE DIRECTLY.
# yarn lockfile v1


"@draftbit/types@^40.31.3":
  version "40.31.3"
  resolved "https://registry.yarnpkg.com/@draftbit/types/-/types-40.31.3.tgz#810ae6fc1202a45d51d88ea83a9ac54945c1a83a"
  integrity sha512-gIFv4Efjql4TEgVYh5hsoU66tlJ7t12R6Yf+fyhbuoM/F8SaJY/Rs/CRu9+PVDlKAChouK5oJMWcS48lzymacQ==

"@expo/vector-icons@^12.0.2":
  version "12.0.2"
  resolved "https://registry.yarnpkg.com/@expo/vector-icons/-/vector-icons-12.0.2.tgz#ffb65a547091abcc529686be21b63ebf4cad041b"
  integrity sha512-VJZDyMvSzgZrIKeytBcxZ7Ll0iBDBAXaVLVR7nMgmhAPERnxdbqUfP6/wrxl6tETzRnG0Xzu9d64jcQRtechlg==
  dependencies:
    lodash.frompairs "^4.0.1"
    lodash.isequal "^4.5.0"
    lodash.isstring "^4.0.1"
    lodash.omit "^4.5.0"
    lodash.pick "^4.4.0"
    lodash.template "^4.5.0"

"@react-native-community/slider@~3.0.3":
  version "3.0.3"
  resolved "https://registry.yarnpkg.com/@react-native-community/slider/-/slider-3.0.3.tgz#830167fd757ba70ac638747ba3169b2dbae60330"
  integrity sha512-8IeHfDwJ9/CTUwFs6x90VlobV3BfuPgNLjTgC6dRZovfCWigaZwVNIFFJnHBakK3pW2xErAPwhdvNR4JeNoYbw==

expo-av@^8.7.0:
  version "8.7.0"
  resolved "https://registry.yarnpkg.com/expo-av/-/expo-av-8.7.0.tgz#01030256dc75cebd5d02060393ba0ad36c10a7f8"
  integrity sha512-tYw0z//UZm9THicOsu4w0A7Olq/JauTy7kcBR15Fhyppd9wd8Jtq7QYNtf2igd1R+byS2L0AGwE0nazlbQR+Qw==
  dependencies:
    lodash "^4.17.15"
    nullthrows "^1.1.0"

lodash._reinterpolate@^3.0.0:
  version "3.0.0"
  resolved "https://registry.yarnpkg.com/lodash._reinterpolate/-/lodash._reinterpolate-3.0.0.tgz#0ccf2d89166af03b3663c796538b75ac6e114d9d"
  integrity sha1-DM8tiRZq8Ds2Y8eWU4t1rG4RTZ0=

lodash.frompairs@^4.0.1:
  version "4.0.1"
  resolved "https://registry.yarnpkg.com/lodash.frompairs/-/lodash.frompairs-4.0.1.tgz#bc4e5207fa2757c136e573614e9664506b2b1bd2"
  integrity sha1-vE5SB/onV8E25XNhTpZkUGsrG9I=

lodash.isequal@^4.5.0:
  version "4.5.0"
  resolved "https://registry.yarnpkg.com/lodash.isequal/-/lodash.isequal-4.5.0.tgz#415c4478f2bcc30120c22ce10ed3226f7d3e18e0"
  integrity sha1-QVxEePK8wwEgwizhDtMib30+GOA=

lodash.isstring@^4.0.1:
  version "4.0.1"
  resolved "https://registry.yarnpkg.com/lodash.isstring/-/lodash.isstring-4.0.1.tgz#d527dfb5456eca7cc9bb95d5daeaf88ba54a5451"
  integrity sha1-1SfftUVuynzJu5XV2ur4i6VKVFE=

lodash.omit@^4.5.0:
  version "4.5.0"
  resolved "https://registry.yarnpkg.com/lodash.omit/-/lodash.omit-4.5.0.tgz#6eb19ae5a1ee1dd9df0b969e66ce0b7fa30b5e60"
  integrity sha1-brGa5aHuHdnfC5aeZs4Lf6MLXmA=

lodash.pick@^4.4.0:
  version "4.4.0"
  resolved "https://registry.yarnpkg.com/lodash.pick/-/lodash.pick-4.4.0.tgz#52f05610fff9ded422611441ed1fc123a03001b3"
  integrity sha1-UvBWEP/53tQiYRRB7R/BI6AwAbM=

lodash.template@^4.5.0:
  version "4.5.0"
  resolved "https://registry.yarnpkg.com/lodash.template/-/lodash.template-4.5.0.tgz#f976195cf3f347d0d5f52483569fe8031ccce8ab"
  integrity sha512-84vYFxIkmidUiFxidA/KjjH9pAycqW+h980j7Fuz5qxRtO9pgB7MDFTdys1N7A5mcucRiDyEq4fusljItR1T/A==
  dependencies:
    lodash._reinterpolate "^3.0.0"
    lodash.templatesettings "^4.0.0"

lodash.templatesettings@^4.0.0:
  version "4.2.0"
  resolved "https://registry.yarnpkg.com/lodash.templatesettings/-/lodash.templatesettings-4.2.0.tgz#e481310f049d3cf6d47e912ad09313b154f0fb33"
  integrity sha512-stgLz+i3Aa9mZgnjr/O+v9ruKZsPsndy7qPZOchbqk2cnTU1ZaldKK+v7m54WoKIyxiuMZTKT2H81F8BeAc3ZQ==
  dependencies:
    lodash._reinterpolate "^3.0.0"

lodash@^4.17.15:
  version "4.17.21"
  resolved "https://registry.yarnpkg.com/lodash/-/lodash-4.17.21.tgz#679591c564c3bffaae8454cf0b3df370c3d6911c"
  integrity sha512-v2kDEe57lecTulaDIuNTPy3Ry4gLGJ6Z1O3vE1krgXZNrsQ+LFTGHVxVjcXPs17LhbZVGedAJv8XZ1tvj5FvSg==

nullthrows@^1.1.0:
  version "1.1.1"
  resolved "https://registry.yarnpkg.com/nullthrows/-/nullthrows-1.1.1.tgz#7818258843856ae971eae4208ad7d7eb19a431b1"
  integrity sha512-2vPPEi+Z7WqML2jZYddDIfy5Dqb0r2fze2zTxNNknZaFpVHU3mFB3R+DWeJWGVx0ecvttSGlJTI+WG+8Z4cDWw==
